
Microsoft Visual Studio Solution File, Format Version 12.00
# Visual Studio Version 16
VisualStudioVersion = 16.0.31829.152
MinimumVisualStudioVersion = 10.0.40219.1
Project("{8BC9CEB8-8B4A-11D0-8D11-00A0C91BC942}") = "Stroop", "Stroop\Stroop.vcxproj", "{40966F11-EFD9-46CA-A606-999E1AA90DFC}"
EndProject
Global
	GlobalSection(SolutionConfigurationPlatforms) = preSolution
		Debug|x64 = Debug|x64
		Debug|x86 = Debug|x86
		Release|x64 = Release|x64
		Release|x86 = Release|x86
	EndGlobalSection
	GlobalSection(ProjectConfigurationPlatforms) = postSolution
		{40966F11-EFD9-46CA-A606-999E1AA90DFC}.Debug|x64.ActiveCfg = Debug|x64
		{40966F11-EFD9-46CA-A606-999E1AA90DFC}.Debug|x64.Build.0 = Debug|x64
		{40966F11-EFD9-46CA-A606-999E1AA90DFC}.Debug|x86.ActiveCfg = Debug|Win32
		{40966F11-EFD9-46CA-A606-999E1AA90DFC}.Debug|x86.Build.0 = Debug|Win32
		{40966F11-EFD9-46CA-A606-999E1AA90DFC}.Release|x64.ActiveCfg = Release|x64
		{40966F11-EFD9-46CA-A606-999E1AA90DFC}.Release|x64.Build.0 = Release|x64
		{40966F11-EFD9-46CA-A606-999E1AA90DFC}.Release|x86.ActiveCfg = Release|Win32
		{40966F11-EFD9-46CA-A606-999E1AA90DFC}.Release|x86.Build.0 = Release|Win32
	EndGlobalSection
	GlobalSection(SolutionProperties) = preSolution
		HideSolutionNode = FALSE
	EndGlobalSection
	GlobalSection(ExtensibilityGlobals) = postSolution
		SolutionGuid = {3409EF99-2250-4014-B745-95130A6798DE}
	EndGlobalSection
EndGlobal
